
Microsoft Visual Studio Solution File, Format Version 12.00
# Visual Studio Version 17
VisualStudioVersion = 17.4.33015.44
MinimumVisualStudioVersion = 10.0.40219.1
Project("{FAE04EC0-301F-11D3-BF4B-00C04F79EFBC}") = "NumerazioneProtocollo", "NumerazioneProtocollo\NumerazioneProtocollo.csproj", "{42300C4D-57D8-4988-ABF0-E5B984D9ADB7}"
EndProject
Project("{2150E333-8FDC-42A3-9474-1A3956D46DE8}") = "Forms", "Forms", "{BB56B185-DDDA-4F03-9049-A83529360438}"
EndProject
Global
	GlobalSection(SolutionConfigurationPlatforms) = preSolution
		Debug|Any CPU = Debug|Any CPU
		Release|Any CPU = Release|Any CPU
	EndGlobalSection
	GlobalSection(ProjectConfigurationPlatforms) = postSolution
		{42300C4D-57D8-4988-ABF0-E5B984D9ADB7}.Debug|Any CPU.ActiveCfg = Debug|Any CPU
		{42300C4D-57D8-4988-ABF0-E5B984D9ADB7}.Debug|Any CPU.Build.0 = Debug|Any CPU
		{42300C4D-57D8-4988-ABF0-E5B984D9ADB7}.Release|Any CPU.ActiveCfg = Release|Any CPU
		{42300C4D-57D8-4988-ABF0-E5B984D9ADB7}.Release|Any CPU.Build.0 = Release|Any CPU
	EndGlobalSection
	GlobalSection(SolutionProperties) = preSolution
		HideSolutionNode = FALSE
	EndGlobalSection
	GlobalSection(ExtensibilityGlobals) = postSolution
		SolutionGuid = {5E7EEE37-8F4A-42AA-9B0C-4C4E6AD80130}
	EndGlobalSection
EndGlobal
